
Microsoft Visual Studio Solution File, Format Version 12.00
# Visual Studio Express 2012 for Windows Desktop
Project("{FAE04EC0-301F-11D3-BF4B-00C04F79EFBC}") = "DataConvertor", "DataConvertor.csproj", "{B1B7C78D-D7C4-4E89-9CAC-39360CF498D1}"
EndProject
Global
	GlobalSection(TeamFoundationVersionControl) = preSolution
		SccNumberOfProjects = 2
		SccEnterpriseProvider = {4CA58AB2-18FA-4F8D-95D4-32DDF27D184C}
		SccTeamFoundationServer = https://pfymain.visualstudio.com/defaultcollection
		SccProjectUniqueName0 = DataConvertor.csproj
		SccLocalPath0 = .
		SccLocalPath1 = .
	EndGlobalSection
	GlobalSection(SolutionConfigurationPlatforms) = preSolution
		Debug|Any CPU = Debug|Any CPU
		Release|Any CPU = Release|Any CPU
	EndGlobalSection
	GlobalSection(ProjectConfigurationPlatforms) = postSolution
		{B1B7C78D-D7C4-4E89-9CAC-39360CF498D1}.Debug|Any CPU.ActiveCfg = Debug|Any CPU
		{B1B7C78D-D7C4-4E89-9CAC-39360CF498D1}.Debug|Any CPU.Build.0 = Debug|Any CPU
		{B1B7C78D-D7C4-4E89-9CAC-39360CF498D1}.Release|Any CPU.ActiveCfg = Release|Any CPU
		{B1B7C78D-D7C4-4E89-9CAC-39360CF498D1}.Release|Any CPU.Build.0 = Release|Any CPU
	EndGlobalSection
	GlobalSection(SolutionProperties) = preSolution
		HideSolutionNode = FALSE
	EndGlobalSection
EndGlobal
