<?xml version="1.0" encoding="utf-8"?>
<Project ToolsVersion="4.0" xmlns="http://schemas.microsoft.com/developer/msbuild/2003">
  <ItemGroup>
    <Filter Include="Source Files">
      <UniqueIdentifier>{4FC737F1-C7A5-4376-A066-2A32D752A2FF}</UniqueIdentifier>
      <Extensions>cpp;c;cc;cxx;def;odl;idl;hpj;bat;asm;asmx</Extensions>
    </Filter>
    <Filter Include="Header Files">
      <UniqueIdentifier>{93995380-89BD-4b04-88EB-625FBE52EBFB}</UniqueIdentifier>
      <Extensions>h;hpp;hxx;hm;inl;inc;xsd</Extensions>
    </Filter>
    <Filter Include="Resource Files">
      <UniqueIdentifier>{67DA6AB6-F800-4c08-8B7A-83BB121AAD01}</UniqueIdentifier>
      <Extensions>rc;ico;cur;bmp;dlg;rc2;rct;bin;rgs;gif;jpg;jpeg;jpe;resx;tiff;tif;png;wav;mfcribbon-ms</Extensions>
    </Filter>
    <Filter Include="Header Files\Indicators">
      <UniqueIdentifier>{a649f85b-0014-41ca-83b2-86db591ac993}</UniqueIdentifier>
    </Filter>
    <Filter Include="Header Files\BaseClasses">
      <UniqueIdentifier>{4645eb5f-7868-4c82-a8bf-69b1734bbaef}</UniqueIdentifier>
    </Filter>
    <Filter Include="Header Files\Traders">
      <UniqueIdentifier>{b4d5d1da-1351-44f7-85c0-e113ba667f46}</UniqueIdentifier>
    </Filter>
    <Filter Include="Source Files\BaseClasses">
      <UniqueIdentifier>{0f28d89f-63b6-4394-b956-5e74d78bf2e5}</UniqueIdentifier>
    </Filter>
    <Filter Include="Source Files\Indicators">
      <UniqueIdentifier>{61a72ee5-880c-46b8-996a-2aa0d0a9c220}</UniqueIdentifier>
    </Filter>
    <Filter Include="Source Files\Traders">
      <UniqueIdentifier>{84f58ce4-8258-440f-a4c6-cf7902649c11}</UniqueIdentifier>
    </Filter>
  </ItemGroup>
  <ItemGroup>
    <ClCompile Include="ExportFunctions.cpp">
      <Filter>Source Files</Filter>
    </ClCompile>
    <ClCompile Include="Bar.cpp">
      <Filter>Source Files\BaseClasses</Filter>
    </ClCompile>
    <ClCompile Include="DataSeries.cpp">
      <Filter>Source Files\BaseClasses</Filter>
    </ClCompile>
    <ClCompile Include="SeriesLogger.cpp">
      <Filter>Source Files\BaseClasses</Filter>
    </ClCompile>
    <ClCompile Include="MA.cpp">
      <Filter>Source Files\Indicators</Filter>
    </ClCompile>
    <ClCompile Include="svm.cpp">
      <Filter>Source Files</Filter>
    </ClCompile>
    <ClCompile Include="RSI.cpp">
      <Filter>Source Files\Indicators</Filter>
    </ClCompile>
    <ClCompile Include="RsiStochSvm.cpp">
      <Filter>Source Files\Traders</Filter>
    </ClCompile>
    <ClCompile Include="Global.cpp">
      <Filter>Source Files</Filter>
    </ClCompile>
    <ClCompile Include="Stoch.cpp">
      <Filter>Source Files\Indicators</Filter>
    </ClCompile>
  </ItemGroup>
  <ItemGroup>
    <ClInclude Include="ExportFunctions.h">
      <Filter>Header Files</Filter>
    </ClInclude>
    <ClInclude Include="Global.h">
      <Filter>Header Files</Filter>
    </ClInclude>
    <ClInclude Include="Bar.h">
      <Filter>Header Files\BaseClasses</Filter>
    </ClInclude>
    <ClInclude Include="DataSeries.h">
      <Filter>Header Files\BaseClasses</Filter>
    </ClInclude>
    <ClInclude Include="Order.h">
      <Filter>Header Files\BaseClasses</Filter>
    </ClInclude>
    <ClInclude Include="TraderBase.h">
      <Filter>Header Files\BaseClasses</Filter>
    </ClInclude>
    <ClInclude Include="MA.h">
      <Filter>Header Files\Indicators</Filter>
    </ClInclude>
    <ClInclude Include="SeriesLogger.h">
      <Filter>Header Files\BaseClasses</Filter>
    </ClInclude>
    <ClInclude Include="svm.h">
      <Filter>Header Files</Filter>
    </ClInclude>
    <ClInclude Include="RSI.h">
      <Filter>Header Files\Indicators</Filter>
    </ClInclude>
    <ClInclude Include="RsiStochSvm.h">
      <Filter>Header Files\Traders</Filter>
    </ClInclude>
    <ClInclude Include="ZLOG.H">
      <Filter>Header Files</Filter>
    </ClInclude>
    <ClInclude Include="Stoch.h">
      <Filter>Header Files\Indicators</Filter>
    </ClInclude>
  </ItemGroup>
  <ItemGroup>
    <None Include="ExportFunctions.def">
      <Filter>Header Files</Filter>
    </None>
  </ItemGroup>
</Project>