
Microsoft Visual Studio Solution File, Format Version 12.00
# Visual Studio Express 2012 for Windows Desktop
Project("{FAE04EC0-301F-11D3-BF4B-00C04F79EFBC}") = "BackTracer", "BackTracer.csproj", "{BFFB697C-BAC0-4514-A607-84FBE554FF89}"
EndProject
Global
	GlobalSection(SolutionConfigurationPlatforms) = preSolution
		Debug|Any CPU = Debug|Any CPU
		Release|Any CPU = Release|Any CPU
	EndGlobalSection
	GlobalSection(ProjectConfigurationPlatforms) = postSolution
		{BFFB697C-BAC0-4514-A607-84FBE554FF89}.Debug|Any CPU.ActiveCfg = Debug|Any CPU
		{BFFB697C-BAC0-4514-A607-84FBE554FF89}.Debug|Any CPU.Build.0 = Debug|Any CPU
		{BFFB697C-BAC0-4514-A607-84FBE554FF89}.Release|Any CPU.ActiveCfg = Release|Any CPU
		{BFFB697C-BAC0-4514-A607-84FBE554FF89}.Release|Any CPU.Build.0 = Release|Any CPU
	EndGlobalSection
	GlobalSection(SolutionProperties) = preSolution
		HideSolutionNode = FALSE
	EndGlobalSection
EndGlobal
